github.com/debyten/apibuilder v0.0.0-20210708103939-235251c57d25 h1:A0naDif3U/pWXh4rwS66fR0O05DWWTzGZHd4lKM5TYg=
github.com/debyten/apibuilder v0.0.0-20210708103939-235251c57d25/go.mod h1:Ifn+y1SlcMlbhiHYPMtOqptG1V3DOc2Ivpz3g3XMW3Q=
goji.io v2.0.2+incompatible/go.mod h1:sbqFwrtqZACxLBTQcdgVjFh54yGVCvwq8+w49MVMMIk=
